hash: dc3b3f67e3b1cd68bd4129dbcf898829cd0a9faedf4df3f30995ff0a584b11b7
updated: 2017-01-20T16:02:45.155413642+03:00
imports:
- name: github.com/codahale/hdrhistogram
  version: 3a0bb77429bd3a61596f5e8a3172445844342120
- name: github.com/dgrijalva/jwt-go
  version: a601269ab70c205d26370c16f7c81e9017c14e04
- name: github.com/go-kit/kit
  version: 9cd0b936ad642d7ae893adfb6357cc24bce41e64
  subpackages:
  - endpoint
  - log
  - metrics
  - metrics/expvar
  - transport/http
- name: github.com/go-logfmt/logfmt
  version: 390ab7935ee28ec6b286364bba9b4dd6410cb3d5
- name: github.com/go-stack/stack
  version: 100eb0c0a9c5b306ca2fb4f165df21d80ada4b82
- name: github.com/gorilla/context
  version: 08b5f424b9271eedf6f9f0ce86cb9396ed337a42
- name: github.com/gorilla/mux
  version: 392c28fe23e1c45ddba891b0320b3b5df220beea
- name: github.com/kr/logfmt
  version: b84e30acd515aadc4b783ad4ff83aff3299bdfe0
- name: golang.org/x/net
  version: f315505cf3349909cdf013ea56690da34e96a451
  subpackages:
  - context
  - context/ctxhttp
testImports: []
